
Microsoft Visual Studio Solution File, Format Version 12.00
# Visual Studio Version 16
VisualStudioVersion = 16.0.29926.136
MinimumVisualStudioVersion = 10.0.40219.1
Project("{FAE04EC0-301F-11D3-BF4B-00C04F79EFBC}") = "acnhpoker", "acnhpoker\acnhpoker.csproj", "{56FD2466-05A5-4049-934F-D6AB5A35E139}"
EndProject
Global
	GlobalSection(SolutionConfigurationPlatforms) = preSolution
		Debug|Any CPU = Debug|Any CPU
		Debug|x64 = Debug|x64
		Release|Any CPU = Release|Any CPU
		Release|x64 = Release|x64
	EndGlobalSection
	GlobalSection(ProjectConfigurationPlatforms) = postSolution
		{56FD2466-05A5-4049-934F-D6AB5A35E139}.Debug|Any CPU.ActiveCfg = Debug|Any CPU
		{56FD2466-05A5-4049-934F-D6AB5A35E139}.Debug|Any CPU.Build.0 = Debug|Any CPU
		{56FD2466-05A5-4049-934F-D6AB5A35E139}.Debug|x64.ActiveCfg = Debug|x64
		{56FD2466-05A5-4049-934F-D6AB5A35E139}.Debug|x64.Build.0 = Debug|x64
		{56FD2466-05A5-4049-934F-D6AB5A35E139}.Release|Any CPU.ActiveCfg = Release|Any CPU
		{56FD2466-05A5-4049-934F-D6AB5A35E139}.Release|Any CPU.Build.0 = Release|Any CPU
		{56FD2466-05A5-4049-934F-D6AB5A35E139}.Release|x64.ActiveCfg = Release|x64
		{56FD2466-05A5-4049-934F-D6AB5A35E139}.Release|x64.Build.0 = Release|x64
	EndGlobalSection
	GlobalSection(SolutionProperties) = preSolution
		HideSolutionNode = FALSE
	EndGlobalSection
	GlobalSection(ExtensibilityGlobals) = postSolution
		SolutionGuid = {12F24280-F8D5-4C66-80E0-0D9FEE0B71A5}
	EndGlobalSection
EndGlobal
